
Microsoft Visual Studio Solution File, Format Version 12.00
# Visual Studio Version 17
VisualStudioVersion = 17.3.32929.385
MinimumVisualStudioVersion = 10.0.40219.1
Project("{9A19103F-16F7-4668-BE54-9A1E7A4F7556}") = "AppServiceHelper", "AppServiceHelper\AppServiceHelper.csproj", "{248DAF1C-D079-4DB1-8A03-3EAE1D4D4A65}"
EndProject
Global
	GlobalSection(SolutionConfigurationPlatforms) = preSolution
		Debug|Any CPU = Debug|Any CPU
		Release|Any CPU = Release|Any CPU
	EndGlobalSection
	GlobalSection(ProjectConfigurationPlatforms) = postSolution
		{248DAF1C-D079-4DB1-8A03-3EAE1D4D4A65}.Debug|Any CPU.ActiveCfg = Debug|Any CPU
		{248DAF1C-D079-4DB1-8A03-3EAE1D4D4A65}.Debug|Any CPU.Build.0 = Debug|Any CPU
		{248DAF1C-D079-4DB1-8A03-3EAE1D4D4A65}.Release|Any CPU.ActiveCfg = Release|Any CPU
		{248DAF1C-D079-4DB1-8A03-3EAE1D4D4A65}.Release|Any CPU.Build.0 = Release|Any CPU
	EndGlobalSection
	GlobalSection(SolutionProperties) = preSolution
		HideSolutionNode = FALSE
	EndGlobalSection
	GlobalSection(ExtensibilityGlobals) = postSolution
		SolutionGuid = {C1DEA477-04FE-494F-8A93-C48186A8FADF}
	EndGlobalSection
EndGlobal
